
Microsoft Visual Studio Solution File, Format Version 12.00
# Visual Studio 2012
Project("{FAE04EC0-301F-11D3-BF4B-00C04F79EFBC}") = "Client", "Client\Client.csproj", "{112818EE-E6A8-4E85-88F8-EE9D66392820}"
EndProject
Global
	GlobalSection(SolutionConfigurationPlatforms) = preSolution
		Debug|Any CPU = Debug|Any CPU
		Release|Any CPU = Release|Any CPU
	EndGlobalSection
	GlobalSection(ProjectConfigurationPlatforms) = postSolution
		{112818EE-E6A8-4E85-88F8-EE9D66392820}.Debug|Any CPU.ActiveCfg = Debug|Any CPU
		{112818EE-E6A8-4E85-88F8-EE9D66392820}.Debug|Any CPU.Build.0 = Debug|Any CPU
		{112818EE-E6A8-4E85-88F8-EE9D66392820}.Release|Any CPU.ActiveCfg = Release|Any CPU
		{112818EE-E6A8-4E85-88F8-EE9D66392820}.Release|Any CPU.Build.0 = Release|Any CPU
	EndGlobalSection
	GlobalSection(SolutionProperties) = preSolution
		HideSolutionNode = FALSE
	EndGlobalSection
EndGlobal
